
Microsoft Visual Studio Solution File, Format Version 12.00
# Visual Studio Version 16
VisualStudioVersion = 16.0.32510.428
MinimumVisualStudioVersion = 10.0.40219.1
Project("{FAE04EC0-301F-11D3-BF4B-00C04F79EFBC}") = "ImageToPaintBlockConverter", "ImageToPaintBlockConverter.csproj", "{C16A2DF7-44A3-495F-A2A2-70B964082FCE}"
EndProject
Global
	GlobalSection(SolutionConfigurationPlatforms) = preSolution
		Debug|Any CPU = Debug|Any CPU
		Debug|x64 = Debug|x64
		Release|Any CPU = Release|Any CPU
		Release|x64 = Release|x64
	EndGlobalSection
	GlobalSection(ProjectConfigurationPlatforms) = postSolution
		{C16A2DF7-44A3-495F-A2A2-70B964082FCE}.Debug|Any CPU.ActiveCfg = Debug|Any CPU
		{C16A2DF7-44A3-495F-A2A2-70B964082FCE}.Debug|Any CPU.Build.0 = Debug|Any CPU
		{C16A2DF7-44A3-495F-A2A2-70B964082FCE}.Debug|x64.ActiveCfg = Release|x64
		{C16A2DF7-44A3-495F-A2A2-70B964082FCE}.Debug|x64.Build.0 = Release|x64
		{C16A2DF7-44A3-495F-A2A2-70B964082FCE}.Release|Any CPU.ActiveCfg = Release|Any CPU
		{C16A2DF7-44A3-495F-A2A2-70B964082FCE}.Release|Any CPU.Build.0 = Release|Any CPU
		{C16A2DF7-44A3-495F-A2A2-70B964082FCE}.Release|x64.ActiveCfg = Release|x64
		{C16A2DF7-44A3-495F-A2A2-70B964082FCE}.Release|x64.Build.0 = Release|x64
	EndGlobalSection
	GlobalSection(SolutionProperties) = preSolution
		HideSolutionNode = FALSE
	EndGlobalSection
	GlobalSection(ExtensibilityGlobals) = postSolution
		SolutionGuid = {FD1675C6-C9C7-4DC6-8DF2-556FC7D260BB}
	EndGlobalSection
EndGlobal
